
Microsoft Visual Studio Solution File, Format Version 12.00
# Visual Studio 2012
Project("{FAE04EC0-301F-11D3-BF4B-00C04F79EFBC}") = "SitecoreCommon.Helpers", "SitecoreCommon.Helpers\SitecoreCommon.Helpers.csproj", "{8744CBF6-DAD1-46A5-917A-915E1E1F8571}"
EndProject
Project("{FAE04EC0-301F-11D3-BF4B-00C04F79EFBC}") = "SitecoreCommon.Tests", "SitecoreCommon.Tests\SitecoreCommon.Tests.csproj", "{A73815F0-FD26-4C91-870E-FE29781DC016}"
EndProject
Global
	GlobalSection(SolutionConfigurationPlatforms) = preSolution
		Debug|Any CPU = Debug|Any CPU
		Release|Any CPU = Release|Any CPU
	EndGlobalSection
	GlobalSection(ProjectConfigurationPlatforms) = postSolution
		{8744CBF6-DAD1-46A5-917A-915E1E1F8571}.Debug|Any CPU.ActiveCfg = Debug|Any CPU
		{8744CBF6-DAD1-46A5-917A-915E1E1F8571}.Debug|Any CPU.Build.0 = Debug|Any CPU
		{8744CBF6-DAD1-46A5-917A-915E1E1F8571}.Release|Any CPU.ActiveCfg = Release|Any CPU
		{8744CBF6-DAD1-46A5-917A-915E1E1F8571}.Release|Any CPU.Build.0 = Release|Any CPU
		{A73815F0-FD26-4C91-870E-FE29781DC016}.Debug|Any CPU.ActiveCfg = Debug|Any CPU
		{A73815F0-FD26-4C91-870E-FE29781DC016}.Debug|Any CPU.Build.0 = Debug|Any CPU
		{A73815F0-FD26-4C91-870E-FE29781DC016}.Release|Any CPU.ActiveCfg = Release|Any CPU
		{A73815F0-FD26-4C91-870E-FE29781DC016}.Release|Any CPU.Build.0 = Release|Any CPU
	EndGlobalSection
	GlobalSection(SolutionProperties) = preSolution
		HideSolutionNode = FALSE
	EndGlobalSection
EndGlobal
